
Microsoft Visual Studio Solution File, Format Version 12.00
Project("{FAE04EC0-301F-11D3-BF4B-00C04F79EFBC}") = "Cogfather.Contracts", "Cogfather.Contracts\Cogfather.Contracts.csproj", "{D3F6DEAE-DD28-4CF7-8811-C26095DF08FB}"
EndProject
Project("{FAE04EC0-301F-11D3-BF4B-00C04F79EFBC}") = "Cogfather.HQ.Domain", "Cogfather.HQ.Domain\Cogfather.HQ.Domain.csproj", "{897AA743-6485-4F56-8801-58724243973C}"
EndProject
Project("{FAE04EC0-301F-11D3-BF4B-00C04F79EFBC}") = "Cogfather.HQ.Application", "Cogfather.HQ.Application\Cogfather.HQ.Application.csproj", "{D86D7140-1052-487A-8BEA-5AC6D84A1A8F}"
EndProject
Project("{FAE04EC0-301F-11D3-BF4B-00C04F79EFBC}") = "Cogfather.HQ.Infrastructure", "Cogfather.HQ.Infrastructure\Cogfather.HQ.Infrastructure.csproj", "{816B1766-6EDE-41D5-B0F9-A1E104C655DD}"
EndProject
Project("{FAE04EC0-301F-11D3-BF4B-00C04F79EFBC}") = "Cogfather.Node.Domain", "Cogfather.Node.Domain\Cogfather.Node.Domain.csproj", "{9832E02B-754D-4E57-9EB8-14F4CD85FE86}"
EndProject
Project("{FAE04EC0-301F-11D3-BF4B-00C04F79EFBC}") = "Cogfather.Node.Application", "Cogfather.Node.Application\Cogfather.Node.Application.csproj", "{4D38D675-A579-430E-AE5C-9A7D22E61DC3}"
EndProject
Project("{FAE04EC0-301F-11D3-BF4B-00C04F79EFBC}") = "Cogfather.Node.Infrastructure", "Cogfather.Node.Infrastructure\Cogfather.Node.Infrastructure.csproj", "{A316CE1B-DE28-48E2-B863-FEE80E9EDBF7}"
EndProject
Project("{FAE04EC0-301F-11D3-BF4B-00C04F79EFBC}") = "Cogfather.Node.Worker", "Cogfather.Node.Worker\Cogfather.Node.Worker.csproj", "{E1A96853-5707-4AA1-8C02-BD0077DEA5FC}"
EndProject
Project("{FAE04EC0-301F-11D3-BF4B-00C04F79EFBC}") = "Cogfather.HQ.UI", "Cogfather.HQ.UI\Cogfather.HQ.UI.csproj", "{ADBBC877-DD30-455F-83E4-9660AF516F4E}"
EndProject
Project("{FAE04EC0-301F-11D3-BF4B-00C04F79EFBC}") = "Cogfather.HQ.Tests", "Cogfather.HQ.Tests\Cogfather.HQ.Tests.csproj", "{06536B89-CDD2-437A-AFFF-76A8069FC634}"
EndProject
Project("{FAE04EC0-301F-11D3-BF4B-00C04F79EFBC}") = "Cogfather.Node.Tests", "Cogfather.Node.Tests\Cogfather.Node.Tests.csproj", "{E1E77545-3EAE-4C88-9242-6F3C42501B48}"
EndProject
Global
	GlobalSection(SolutionConfigurationPlatforms) = preSolution
		Debug|Any CPU = Debug|Any CPU
		Release|Any CPU = Release|Any CPU
	EndGlobalSection
	GlobalSection(ProjectConfigurationPlatforms) = postSolution
		{D3F6DEAE-DD28-4CF7-8811-C26095DF08FB}.Debug|Any CPU.ActiveCfg = Debug|Any CPU
		{D3F6DEAE-DD28-4CF7-8811-C26095DF08FB}.Debug|Any CPU.Build.0 = Debug|Any CPU
		{D3F6DEAE-DD28-4CF7-8811-C26095DF08FB}.Release|Any CPU.ActiveCfg = Release|Any CPU
		{D3F6DEAE-DD28-4CF7-8811-C26095DF08FB}.Release|Any CPU.Build.0 = Release|Any CPU
		{897AA743-6485-4F56-8801-58724243973C}.Debug|Any CPU.ActiveCfg = Debug|Any CPU
		{897AA743-6485-4F56-8801-58724243973C}.Debug|Any CPU.Build.0 = Debug|Any CPU
		{897AA743-6485-4F56-8801-58724243973C}.Release|Any CPU.ActiveCfg = Release|Any CPU
		{897AA743-6485-4F56-8801-58724243973C}.Release|Any CPU.Build.0 = Release|Any CPU
		{D86D7140-1052-487A-8BEA-5AC6D84A1A8F}.Debug|Any CPU.ActiveCfg = Debug|Any CPU
		{D86D7140-1052-487A-8BEA-5AC6D84A1A8F}.Debug|Any CPU.Build.0 = Debug|Any CPU
		{D86D7140-1052-487A-8BEA-5AC6D84A1A8F}.Release|Any CPU.ActiveCfg = Release|Any CPU
		{D86D7140-1052-487A-8BEA-5AC6D84A1A8F}.Release|Any CPU.Build.0 = Release|Any CPU
		{816B1766-6EDE-41D5-B0F9-A1E104C655DD}.Debug|Any CPU.ActiveCfg = Debug|Any CPU
		{816B1766-6EDE-41D5-B0F9-A1E104C655DD}.Debug|Any CPU.Build.0 = Debug|Any CPU
		{816B1766-6EDE-41D5-B0F9-A1E104C655DD}.Release|Any CPU.ActiveCfg = Release|Any CPU
		{816B1766-6EDE-41D5-B0F9-A1E104C655DD}.Release|Any CPU.Build.0 = Release|Any CPU
		{9832E02B-754D-4E57-9EB8-14F4CD85FE86}.Debug|Any CPU.ActiveCfg = Debug|Any CPU
		{9832E02B-754D-4E57-9EB8-14F4CD85FE86}.Debug|Any CPU.Build.0 = Debug|Any CPU
		{9832E02B-754D-4E57-9EB8-14F4CD85FE86}.Release|Any CPU.ActiveCfg = Release|Any CPU
		{9832E02B-754D-4E57-9EB8-14F4CD85FE86}.Release|Any CPU.Build.0 = Release|Any CPU
		{4D38D675-A579-430E-AE5C-9A7D22E61DC3}.Debug|Any CPU.ActiveCfg = Debug|Any CPU
		{4D38D675-A579-430E-AE5C-9A7D22E61DC3}.Debug|Any CPU.Build.0 = Debug|Any CPU
		{4D38D675-A579-430E-AE5C-9A7D22E61DC3}.Release|Any CPU.ActiveCfg = Release|Any CPU
		{4D38D675-A579-430E-AE5C-9A7D22E61DC3}.Release|Any CPU.Build.0 = Release|Any CPU
		{A316CE1B-DE28-48E2-B863-FEE80E9EDBF7}.Debug|Any CPU.ActiveCfg = Debug|Any CPU
		{A316CE1B-DE28-48E2-B863-FEE80E9EDBF7}.Debug|Any CPU.Build.0 = Debug|Any CPU
		{A316CE1B-DE28-48E2-B863-FEE80E9EDBF7}.Release|Any CPU.ActiveCfg = Release|Any CPU
		{A316CE1B-DE28-48E2-B863-FEE80E9EDBF7}.Release|Any CPU.Build.0 = Release|Any CPU
		{E1A96853-5707-4AA1-8C02-BD0077DEA5FC}.Debug|Any CPU.ActiveCfg = Debug|Any CPU
		{E1A96853-5707-4AA1-8C02-BD0077DEA5FC}.Debug|Any CPU.Build.0 = Debug|Any CPU
		{E1A96853-5707-4AA1-8C02-BD0077DEA5FC}.Release|Any CPU.ActiveCfg = Release|Any CPU
		{E1A96853-5707-4AA1-8C02-BD0077DEA5FC}.Release|Any CPU.Build.0 = Release|Any CPU
		{ADBBC877-DD30-455F-83E4-9660AF516F4E}.Debug|Any CPU.ActiveCfg = Debug|Any CPU
		{ADBBC877-DD30-455F-83E4-9660AF516F4E}.Debug|Any CPU.Build.0 = Debug|Any CPU
		{ADBBC877-DD30-455F-83E4-9660AF516F4E}.Release|Any CPU.ActiveCfg = Release|Any CPU
		{ADBBC877-DD30-455F-83E4-9660AF516F4E}.Release|Any CPU.Build.0 = Release|Any CPU
		{06536B89-CDD2-437A-AFFF-76A8069FC634}.Debug|Any CPU.ActiveCfg = Debug|Any CPU
		{06536B89-CDD2-437A-AFFF-76A8069FC634}.Debug|Any CPU.Build.0 = Debug|Any CPU
		{06536B89-CDD2-437A-AFFF-76A8069FC634}.Release|Any CPU.ActiveCfg = Release|Any CPU
		{06536B89-CDD2-437A-AFFF-76A8069FC634}.Release|Any CPU.Build.0 = Release|Any CPU
		{E1E77545-3EAE-4C88-9242-6F3C42501B48}.Debug|Any CPU.ActiveCfg = Debug|Any CPU
		{E1E77545-3EAE-4C88-9242-6F3C42501B48}.Debug|Any CPU.Build.0 = Debug|Any CPU
		{E1E77545-3EAE-4C88-9242-6F3C42501B48}.Release|Any CPU.ActiveCfg = Release|Any CPU
		{E1E77545-3EAE-4C88-9242-6F3C42501B48}.Release|Any CPU.Build.0 = Release|Any CPU
	EndGlobalSection
EndGlobal
